// !$*UTF8*$!
{
	archiveVersion = 1;
	classes = {
	};
	objectVersion = 50;
	objects = {

/* Begin PBXBuildFile section */
		66F04B7FD4FAAC18C7932694 /* Pods_ToptenplusUITests.framework in Frameworks */ = {isa = PBXBuildFile; fileRef = A42E3C766455ADDFE6124324 /* Pods_ToptenplusUITests.framework */; };
		9C50DAB197B3E0C15BAA9851 /* Pods_Toptenplus.framework in Frameworks */ = {isa = PBXBuildFile; fileRef = F010BF0E88E08D4F99AA6DAA /* Pods_Toptenplus.framework */; };
		B5320D86245724B50086D777 /* AppDelegate.swift in Sources */ = {isa = PBXBuildFile; fileRef = B5320D85245724B50086D777 /* AppDelegate.swift */; };
		B5320D88245724B50086D777 /* ViewController.swift in Sources */ = {isa = PBXBuildFile; fileRef = B5320D87245724B50086D777 /* ViewController.swift */; };
		B5320D8B245724B50086D777 /* Main.storyboard in Resources */ = {isa = PBXBuildFile; fileRef = B5320D89245724B50086D777 /* Main.storyboard */; };
		B5320D8D245724B60086D777 /* Assets.xcassets in Resources */ = {isa = PBXBuildFile; fileRef = B5320D8C245724B60086D777 /* Assets.xcassets */; };
		B5320D90245724B70086D777 /* LaunchScreen.storyboard in Resources */ = {isa = PBXBuildFile; fileRef = B5320D8E245724B70086D777 /* LaunchScreen.storyboard */; };
		B5320D9B245724B70086D777 /* ToptenplusTests.swift in Sources */ = {isa = PBXBuildFile; fileRef = B5320D9A245724B70086D777 /* ToptenplusTests.swift */; };
		B5320DA6245724B70086D777 /* ToptenplusUITests.swift in Sources */ = {isa = PBXBuildFile; fileRef = B5320DA5245724B70086D777 /* ToptenplusUITests.swift */; };
		BDD1B4E2C2A39DFE11FCD5D3 /* Pods_ToptenplusTests.framework in Frameworks */ = {isa = PBXBuildFile; fileRef = 8D60C666AF6C313526A0598E /* Pods_ToptenplusTests.framework */; };
/* End PBXBuildFile section */

/* Begin PBXContainerItemProxy section */
		B5320D97245724B70086D777 /* PBXContainerItemProxy */ = {
			isa = PBXContainerItemProxy;
			containerPortal = B5320D7A245724B40086D777 /* Project object */;
			proxyType = 1;
			remoteGlobalIDString = B5320D81245724B50086D777;
			remoteInfo = Toptenplus;
		};
		B5320DA2245724B70086D777 /* PBXContainerItemProxy */ = {
			isa = PBXContainerItemProxy;
			containerPortal = B5320D7A245724B40086D777 /* Project object */;
			proxyType = 1;
			remoteGlobalIDString = B5320D81245724B50086D777;
			remoteInfo = Toptenplus;
		};
/* End PBXContainerItemProxy section */

/* Begin PBXFileReference section */
		2163E0A113268DA3BA59F6D4 /* Pods-ToptenplusUITests.release.xcconfig */ = {isa = PBXFileReference; includeInIndex = 1; lastKnownFileType = text.xcconfig; name = "Pods-ToptenplusUITests.release.xcconfig"; path = "Target Support Files/Pods-ToptenplusUITests/Pods-ToptenplusUITests.release.xcconfig"; sourceTree = "<group>"; };
		6980CF93E85B9B22292B0AA6 /* Pods-ToptenplusUITests.debug.xcconfig */ = {isa = PBXFileReference; includeInIndex = 1; lastKnownFileType = text.xcconfig; name = "Pods-ToptenplusUITests.debug.xcconfig"; path = "Target Support Files/Pods-ToptenplusUITests/Pods-ToptenplusUITests.debug.xcconfig"; sourceTree = "<group>"; };
		8D60C666AF6C313526A0598E /* Pods_ToptenplusTests.framework */ = {isa = PBXFileReference; explicitFileType = wrapper.framework; includeInIndex = 0; path = Pods_ToptenplusTests.framework; sourceTree = BUILT_PRODUCTS_DIR; };
		A42E3C766455ADDFE6124324 /* Pods_ToptenplusUITests.framework */ = {isa = PBXFileReference; explicitFileType = wrapper.framework; includeInIndex = 0; path = Pods_ToptenplusUITests.framework; sourceTree = BUILT_PRODUCTS_DIR; };
		A95ED2611EBB836225E19E56 /* Pods-Toptenplus.release.xcconfig */ = {isa = PBXFileReference; includeInIndex = 1; lastKnownFileType = text.xcconfig; name = "Pods-Toptenplus.release.xcconfig"; path = "Target Support Files/Pods-Toptenplus/Pods-Toptenplus.release.xcconfig"; sourceTree = "<group>"; };
		AB602871AFCB54081D6D9A1A /* Pods-ToptenplusTests.debug.xcconfig */ = {isa = PBXFileReference; includeInIndex = 1; lastKnownFileType = text.xcconfig; name = "Pods-ToptenplusTests.debug.xcconfig"; path = "Target Support Files/Pods-ToptenplusTests/Pods-ToptenplusTests.debug.xcconfig"; sourceTree = "<group>"; };
		B5320D82245724B50086D777 /* Toptenplus.app */ = {isa = PBXFileReference; explicitFileType = wrapper.application; includeInIndex = 0; path = Toptenplus.app; sourceTree = BUILT_PRODUCTS_DIR; };
		B5320D85245724B50086D777 /* AppDelegate.swift */ = {isa = PBXFileReference; lastKnownFileType = sourcecode.swift; path = AppDelegate.swift; sourceTree = "<group>"; };
		B5320D87245724B50086D777 /* ViewController.swift */ = {isa = PBXFileReference; lastKnownFileType = sourcecode.swift; path = ViewController.swift; sourceTree = "<group>"; };
		B5320D8A245724B50086D777 /* Base */ = {isa = PBXFileReference; lastKnownFileType = file.storyboard; name = Base; path = Base.lproj/Main.storyboard; sourceTree = "<group>"; };
		B5320D8C245724B60086D777 /* Assets.xcassets */ = {isa = PBXFileReference; lastKnownFileType = folder.assetcatalog; path = Assets.xcassets; sourceTree = "<group>"; };
		B5320D8F245724B70086D777 /* Base */ = {isa = PBXFileReference; lastKnownFileType = file.storyboard; name = Base; path = Base.lproj/LaunchScreen.storyboard; sourceTree = "<group>"; };
		B5320D91245724B70086D777 /* Info.plist */ = {isa = PBXFileReference; lastKnownFileType = text.plist.xml; path = Info.plist; sourceTree = "<group>"; };
		B5320D96245724B70086D777 /* ToptenplusTests.xctest */ = {isa = PBXFileReference; explicitFileType = wrapper.cfbundle; includeInIndex = 0; path = ToptenplusTests.xctest; sourceTree = BUILT_PRODUCTS_DIR; };
		B5320D9A245724B70086D777 /* ToptenplusTests.swift */ = {isa = PBXFileReference; lastKnownFileType = sourcecode.swift; path = ToptenplusTests.swift; sourceTree = "<group>"; };
		B5320D9C245724B70086D777 /* Info.plist */ = {isa = PBXFileReference; lastKnownFileType = text.plist.xml; path = Info.plist; sourceTree = "<group>"; };
		B5320DA1245724B70086D777 /* ToptenplusUITests.xctest */ = {isa = PBXFileReference; explicitFileType = wrapper.cfbundle; includeInIndex = 0; path = ToptenplusUITests.xctest; sourceTree = BUILT_PRODUCTS_DIR; };
		B5320DA5245724B70086D777 /* ToptenplusUITests.swift */ = {isa = PBXFileReference; lastKnownFileType = sourcecode.swift; path = ToptenplusUITests.swift; sourceTree = "<group>"; };
		B5320DA7245724B70086D777 /* Info.plist */ = {isa = PBXFileReference; lastKnownFileType = text.plist.xml; path = Info.plist; sourceTree = "<group>"; };
		BAC7AB1CF380B1E5968175AD /* Pods-ToptenplusTests.release.xcconfig */ = {isa = PBXFileReference; includeInIndex = 1; lastKnownFileType = text.xcconfig; name = "Pods-ToptenplusTests.release.xcconfig"; path = "Target Support Files/Pods-ToptenplusTests/Pods-ToptenplusTests.release.xcconfig"; sourceTree = "<group>"; };
		E6431BAF902FB0AA18141280 /* Pods-Toptenplus.debug.xcconfig */ = {isa = PBXFileReference; includeInIndex = 1; lastKnownFileType = text.xcconfig; name = "Pods-Toptenplus.debug.xcconfig"; path = "Target Support Files/Pods-Toptenplus/Pods-Toptenplus.debug.xcconfig"; sourceTree = "<group>"; };
		F010BF0E88E08D4F99AA6DAA /* Pods_Toptenplus.framework */ = {isa = PBXFileReference; explicitFileType = wrapper.framework; includeInIndex = 0; path = Pods_Toptenplus.framework; sourceTree = BUILT_PRODUCTS_DIR; };
/* End PBXFileReference section */

/* Begin PBXFrameworksBuildPhase section */
		B5320D7F245724B50086D777 /* Frameworks */ = {
			isa = PBXFrameworksBuildPhase;
			buildActionMask = 2147483647;
			files = (
				9C50DAB197B3E0C15BAA9851 /* Pods_Toptenplus.framework in Frameworks */,
			);
			runOnlyForDeploymentPostprocessing = 0;
		};
		B5320D93245724B70086D777 /* Frameworks */ = {
			isa = PBXFrameworksBuildPhase;
			buildActionMask = 2147483647;
			files = (
				BDD1B4E2C2A39DFE11FCD5D3 /* Pods_ToptenplusTests.framework in Frameworks */,
			);
			runOnlyForDeploymentPostprocessing = 0;
		};
		B5320D9E245724B70086D777 /* Frameworks */ = {
			isa = PBXFrameworksBuildPhase;
			buildActionMask = 2147483647;
			files = (
				66F04B7FD4FAAC18C7932694 /* Pods_ToptenplusUITests.framework in Frameworks */,
			);
			runOnlyForDeploymentPostprocessing = 0;
		};
/* End PBXFrameworksBuildPhase section */

/* Begin PBXGroup section */
		12B0E1AFA0019D106067A2B3 /* Pods */ = {
			isa = PBXGroup;
			children = (
				E6431BAF902FB0AA18141280 /* Pods-Toptenplus.debug.xcconfig */,
				A95ED2611EBB836225E19E56 /* Pods-Toptenplus.release.xcconfig */,
				AB602871AFCB54081D6D9A1A /* Pods-ToptenplusTests.debug.xcconfig */,
				BAC7AB1CF380B1E5968175AD /* Pods-ToptenplusTests.release.xcconfig */,
				6980CF93E85B9B22292B0AA6 /* Pods-ToptenplusUITests.debug.xcconfig */,
				2163E0A113268DA3BA59F6D4 /* Pods-ToptenplusUITests.release.xcconfig */,
			);
			path = Pods;
			sourceTree = "<group>";
		};
		B5320D79245724B40086D777 = {
			isa = PBXGroup;
			children = (
				B5320D84245724B50086D777 /* Toptenplus */,
				B5320D99245724B70086D777 /* ToptenplusTests */,
				B5320DA4245724B70086D777 /* ToptenplusUITests */,
				B5320D83245724B50086D777 /* Products */,
				12B0E1AFA0019D106067A2B3 /* Pods */,
				D2B6669B0DB8B0418E0E7879 /* Frameworks */,
			);
			sourceTree = "<group>";
		};
		B5320D83245724B50086D777 /* Products */ = {
			isa = PBXGroup;
			children = (
				B5320D82245724B50086D777 /* Toptenplus.app */,
				B5320D96245724B70086D777 /* ToptenplusTests.xctest */,
				B5320DA1245724B70086D777 /* ToptenplusUITests.xctest */,
			);
			name = Products;
			sourceTree = "<group>";
		};
		B5320D84245724B50086D777 /* Toptenplus */ = {
			isa = PBXGroup;
			children = (
				B5320D85245724B50086D777 /* AppDelegate.swift */,
				B5320D87245724B50086D777 /* ViewController.swift */,
				B5320D89245724B50086D777 /* Main.storyboard */,
				B5320D8C245724B60086D777 /* Assets.xcassets */,
				B5320D8E245724B70086D777 /* LaunchScreen.storyboard */,
				B5320D91245724B70086D777 /* Info.plist */,
			);
			path = Toptenplus;
			sourceTree = "<group>";
		};
		B5320D99245724B70086D777 /* ToptenplusTests */ = {
			isa = PBXGroup;
			children = (
				B5320D9A245724B70086D777 /* ToptenplusTests.swift */,
				B5320D9C245724B70086D777 /* Info.plist */,
			);
			path = ToptenplusTests;
			sourceTree = "<group>";
		};
		B5320DA4245724B70086D777 /* ToptenplusUITests */ = {
			isa = PBXGroup;
			children = (
				B5320DA5245724B70086D777 /* ToptenplusUITests.swift */,
				B5320DA7245724B70086D777 /* Info.plist */,
			);
			path = ToptenplusUITests;
			sourceTree = "<group>";
		};
		D2B6669B0DB8B0418E0E7879 /* Frameworks */ = {
			isa = PBXGroup;
			children = (
				F010BF0E88E08D4F99AA6DAA /* Pods_Toptenplus.framework */,
				8D60C666AF6C313526A0598E /* Pods_ToptenplusTests.framework */,
				A42E3C766455ADDFE6124324 /* Pods_ToptenplusUITests.framework */,
			);
			name = Frameworks;
			sourceTree = "<group>";
		};
/* End PBXGroup section */

/* Begin PBXNativeTarget section */
		B5320D81245724B50086D777 /* Toptenplus */ = {
			isa = PBXNativeTarget;
			buildConfigurationList = B5320DAA245724B70086D777 /* Build configuration list for PBXNativeTarget "Toptenplus" */;
			buildPhases = (
				EA7D3BA55F4A945E18F65657 /* [CP] Check Pods Manifest.lock */,
				B5320D7E245724B50086D777 /* Sources */,
				B5320D7F245724B50086D777 /* Frameworks */,
				B5320D80245724B50086D777 /* Resources */,
				B5320DB324572B9B0086D777 /* ShellScript */,
			);
			buildRules = (
			);
			dependencies = (
			);
			name = Toptenplus;
			productName = Toptenplus;
			productReference = B5320D82245724B50086D777 /* Toptenplus.app */;
			productType = "com.apple.product-type.application";
		};
		B5320D95245724B70086D777 /* ToptenplusTests */ = {
			isa = PBXNativeTarget;
			buildConfigurationList = B5320DAD245724B70086D777 /* Build configuration list for PBXNativeTarget "ToptenplusTests" */;
			buildPhases = (
				E029E69EB6DDA9E10F21D255 /* [CP] Check Pods Manifest.lock */,
				B5320D92245724B70086D777 /* Sources */,
				B5320D93245724B70086D777 /* Frameworks */,
				B5320D94245724B70086D777 /* Resources */,
			);
			buildRules = (
			);
			dependencies = (
				B5320D98245724B70086D777 /* PBXTargetDependency */,
			);
			name = ToptenplusTests;
			productName = ToptenplusTests;
			productReference = B5320D96245724B70086D777 /* ToptenplusTests.xctest */;
			productType = "com.apple.product-type.bundle.unit-test";
		};
		B5320DA0245724B70086D777 /* ToptenplusUITests */ = {
			isa = PBXNativeTarget;
			buildConfigurationList = B5320DB0245724B70086D777 /* Build configuration list for PBXNativeTarget "ToptenplusUITests" */;
			buildPhases = (
				DFA35F2DFB268B2F43B49F2D /* [CP] Check Pods Manifest.lock */,
				B5320D9D245724B70086D777 /* Sources */,
				B5320D9E245724B70086D777 /* Frameworks */,
				B5320D9F245724B70086D777 /* Resources */,
			);
			buildRules = (
			);
			dependencies = (
				B5320DA3245724B70086D777 /* PBXTargetDependency */,
			);
			name = ToptenplusUITests;
			productName = ToptenplusUITests;
			productReference = B5320DA1245724B70086D777 /* ToptenplusUITests.xctest */;
			productType = "com.apple.product-type.bundle.ui-testing";
		};
/* End PBXNativeTarget section */

/* Begin PBXProject section */
		B5320D7A245724B40086D777 /* Project object */ = {
			isa = PBXProject;
			attributes = {
				LastSwiftUpdateCheck = 1020;
				LastUpgradeCheck = 1020;
				ORGANIZATIONNAME = "Benjamin Lewis";
				TargetAttributes = {
					B5320D81245724B50086D777 = {
						CreatedOnToolsVersion = 10.2;
					};
					B5320D95245724B70086D777 = {
						CreatedOnToolsVersion = 10.2;
						TestTargetID = B5320D81245724B50086D777;
					};
					B5320DA0245724B70086D777 = {
						CreatedOnToolsVersion = 10.2;
						TestTargetID = B5320D81245724B50086D777;
					};
				};
			};
			buildConfigurationList = B5320D7D245724B40086D777 /* Build configuration list for PBXProject "Toptenplus" */;
			compatibilityVersion = "Xcode 9.3";
			developmentRegion = en;
			hasScannedForEncodings = 0;
			knownRegions = (
				en,
				Base,
			);
			mainGroup = B5320D79245724B40086D777;
			productRefGroup = B5320D83245724B50086D777 /* Products */;
			projectDirPath = "";
			projectRoot = "";
			targets = (
				B5320D81245724B50086D777 /* Toptenplus */,
				B5320D95245724B70086D777 /* ToptenplusTests */,
				B5320DA0245724B70086D777 /* ToptenplusUITests */,
			);
		};
/* End PBXProject section */

/* Begin PBXResourcesBuildPhase section */
		B5320D80245724B50086D777 /* Resources */ = {
			isa = PBXResourcesBuildPhase;
			buildActionMask = 2147483647;
			files = (
				B5320D90245724B70086D777 /* LaunchScreen.storyboard in Resources */,
				B5320D8D245724B60086D777 /* Assets.xcassets in Resources */,
				B5320D8B245724B50086D777 /* Main.storyboard in Resources */,
			);
			runOnlyForDeploymentPostprocessing = 0;
		};
		B5320D94245724B70086D777 /* Resources */ = {
			isa = PBXResourcesBuildPhase;
			buildActionMask = 2147483647;
			files = (
			);
			runOnlyForDeploymentPostprocessing = 0;
		};
		B5320D9F245724B70086D777 /* Resources */ = {
			isa = PBXResourcesBuildPhase;
			buildActionMask = 2147483647;
			files = (
			);
			runOnlyForDeploymentPostprocessing = 0;
		};
/* End PBXResourcesBuildPhase section */

/* Begin PBXShellScriptBuildPhase section */
		B5320DB324572B9B0086D777 /* ShellScript */ = {
			isa = PBXShellScriptBuildPhase;
			buildActionMask = 2147483647;
			files = (
			);
			inputFileListPaths = (
			);
			inputPaths = (
			);
			outputFileListPaths = (
			);
			outputPaths = (
			);
			runOnlyForDeploymentPostprocessing = 0;
			shellPath = /bin/sh;
			shellScript = "if which swiftlint >/dev/null; then\nswiftlint\nelse\necho \"warning: SwiftLint not installed, download from https://github.com/realm/SwiftLint\"\nfi\n";
		};
		DFA35F2DFB268B2F43B49F2D /* [CP] Check Pods Manifest.lock */ = {
			isa = PBXShellScriptBuildPhase;
			buildActionMask = 2147483647;
			files = (
			);
			inputFileListPaths = (
			);
			inputPaths = (
				"${PODS_PODFILE_DIR_PATH}/Podfile.lock",
				"${PODS_ROOT}/Manifest.lock",
			);
			name = "[CP] Check Pods Manifest.lock";
			outputFileListPaths = (
			);
			outputPaths = (
				"$(DERIVED_FILE_DIR)/Pods-ToptenplusUITests-checkManifestLockResult.txt",
			);
			runOnlyForDeploymentPostprocessing = 0;
			shellPath = /bin/sh;
			shellScript = "diff \"${PODS_PODFILE_DIR_PATH}/Podfile.lock\" \"${PODS_ROOT}/Manifest.lock\" > /dev/null\nif [ $? != 0 ] ; then\n    # print error to STDERR\n    echo \"error: The sandbox is not in sync with the Podfile.lock. Run 'pod install' or update your CocoaPods installation.\" >&2\n    exit 1\nfi\n# This output is used by Xcode 'outputs' to avoid re-running this script phase.\necho \"SUCCESS\" > \"${SCRIPT_OUTPUT_FILE_0}\"\n";
			showEnvVarsInLog = 0;
		};
		E029E69EB6DDA9E10F21D255 /* [CP] Check Pods Manifest.lock */ = {
			isa = PBXShellScriptBuildPhase;
			buildActionMask = 2147483647;
			files = (
			);
			inputFileListPaths = (
			);
			inputPaths = (
				"${PODS_PODFILE_DIR_PATH}/Podfile.lock",
				"${PODS_ROOT}/Manifest.lock",
			);
			name = "[CP] Check Pods Manifest.lock";
			outputFileListPaths = (
			);
			outputPaths = (
				"$(DERIVED_FILE_DIR)/Pods-ToptenplusTests-checkManifestLockResult.txt",
			);
			runOnlyForDeploymentPostprocessing = 0;
			shellPath = /bin/sh;
			shellScript = "diff \"${PODS_PODFILE_DIR_PATH}/Podfile.lock\" \"${PODS_ROOT}/Manifest.lock\" > /dev/null\nif [ $? != 0 ] ; then\n    # print error to STDERR\n    echo \"error: The sandbox is not in sync with the Podfile.lock. Run 'pod install' or update your CocoaPods installation.\" >&2\n    exit 1\nfi\n# This output is used by Xcode 'outputs' to avoid re-running this script phase.\necho \"SUCCESS\" > \"${SCRIPT_OUTPUT_FILE_0}\"\n";
			showEnvVarsInLog = 0;
		};
		EA7D3BA55F4A945E18F65657 /* [CP] Check Pods Manifest.lock */ = {
			isa = PBXShellScriptBuildPhase;
			buildActionMask = 2147483647;
			files = (
			);
			inputFileListPaths = (
			);
			inputPaths = (
				"${PODS_PODFILE_DIR_PATH}/Podfile.lock",
				"${PODS_ROOT}/Manifest.lock",
			);
			name = "[CP] Check Pods Manifest.lock";
			outputFileListPaths = (
			);
			outputPaths = (
				"$(DERIVED_FILE_DIR)/Pods-Toptenplus-checkManifestLockResult.txt",
			);
			runOnlyForDeploymentPostprocessing = 0;
			shellPath = /bin/sh;
			shellScript = "diff \"${PODS_PODFILE_DIR_PATH}/Podfile.lock\" \"${PODS_ROOT}/Manifest.lock\" > /dev/null\nif [ $? != 0 ] ; then\n    # print error to STDERR\n    echo \"error: The sandbox is not in sync with the Podfile.lock. Run 'pod install' or update your CocoaPods installation.\" >&2\n    exit 1\nfi\n# This output is used by Xcode 'outputs' to avoid re-running this script phase.\necho \"SUCCESS\" > \"${SCRIPT_OUTPUT_FILE_0}\"\n";
			showEnvVarsInLog = 0;
		};
/* End PBXShellScriptBuildPhase section */

/* Begin PBXSourcesBuildPhase section */
		B5320D7E245724B50086D777 /* Sources */ = {
			isa = PBXSourcesBuildPhase;
			buildActionMask = 2147483647;
			files = (
				B5320D88245724B50086D777 /* ViewController.swift in Sources */,
				B5320D86245724B50086D777 /* AppDelegate.swift in Sources */,
			);
			runOnlyForDeploymentPostprocessing = 0;
		};
		B5320D92245724B70086D777 /* Sources */ = {
			isa = PBXSourcesBuildPhase;
			buildActionMask = 2147483647;
			files = (
				B5320D9B245724B70086D777 /* ToptenplusTests.swift in Sources */,
			);
			runOnlyForDeploymentPostprocessing = 0;
		};
		B5320D9D245724B70086D777 /* Sources */ = {
			isa = PBXSourcesBuildPhase;
			buildActionMask = 2147483647;
			files = (
				B5320DA6245724B70086D777 /* ToptenplusUITests.swift in Sources */,
			);
			runOnlyForDeploymentPostprocessing = 0;
		};
/* End PBXSourcesBuildPhase section */

/* Begin PBXTargetDependency section */
		B5320D98245724B70086D777 /* PBXTargetDependency */ = {
			isa = PBXTargetDependency;
			target = B5320D81245724B50086D777 /* Toptenplus */;
			targetProxy = B5320D97245724B70086D777 /* PBXContainerItemProxy */;
		};
		B5320DA3245724B70086D777 /* PBXTargetDependency */ = {
			isa = PBXTargetDependency;
			target = B5320D81245724B50086D777 /* Toptenplus */;
			targetProxy = B5320DA2245724B70086D777 /* PBXContainerItemProxy */;
		};
/* End PBXTargetDependency section */

/* Begin PBXVariantGroup section */
		B5320D89245724B50086D777 /* Main.storyboard */ = {
			isa = PBXVariantGroup;
			children = (
				B5320D8A245724B50086D777 /* Base */,
			);
			name = Main.storyboard;
			sourceTree = "<group>";
		};
		B5320D8E245724B70086D777 /* LaunchScreen.storyboard */ = {
			isa = PBXVariantGroup;
			children = (
				B5320D8F245724B70086D777 /* Base */,
			);
			name = LaunchScreen.storyboard;
			sourceTree = "<group>";
		};
/* End PBXVariantGroup section */

/* Begin XCBuildConfiguration section */
		B5320DA8245724B70086D777 /* Debug */ = {
			isa = XCBuildConfiguration;
			buildSettings = {
				ALWAYS_SEARCH_USER_PATHS = NO;
				CLANG_ANALYZER_NONNULL = YES;
				CLANG_ANALYZER_NUMBER_OBJECT_CONVERSION = YES_AGGRESSIVE;
				CLANG_CXX_LANGUAGE_STANDARD = "gnu++14";
				CLANG_CXX_LIBRARY = "libc++";
				CLANG_ENABLE_MODULES = YES;
				CLANG_ENABLE_OBJC_ARC = YES;
				CLANG_ENABLE_OBJC_WEAK = YES;
				CLANG_WARN_BLOCK_CAPTURE_AUTORELEASING = YES;
				CLANG_WARN_BOOL_CONVERSION = YES;
				CLANG_WARN_COMMA = YES;
				CLANG_WARN_CONSTANT_CONVERSION = YES;
				CLANG_WARN_DEPRECATED_OBJC_IMPLEMENTATIONS = YES;
				CLANG_WARN_DIRECT_OBJC_ISA_USAGE = YES_ERROR;
				CLANG_WARN_DOCUMENTATION_COMMENTS = YES;
				CLANG_WARN_EMPTY_BODY = YES;
				CLANG_WARN_ENUM_CONVERSION = YES;
				CLANG_WARN_INFINITE_RECURSION = YES;
				CLANG_WARN_INT_CONVERSION = YES;
				CLANG_WARN_NON_LITERAL_NULL_CONVERSION = YES;
				CLANG_WARN_OBJC_IMPLICIT_RETAIN_SELF = YES;
				CLANG_WARN_OBJC_LITERAL_CONVERSION = YES;
				CLANG_WARN_OBJC_ROOT_CLASS = YES_ERROR;
				CLANG_WARN_RANGE_LOOP_ANALYSIS = YES;
				CLANG_WARN_STRICT_PROTOTYPES = YES;
				CLANG_WARN_SUSPICIOUS_MOVE = YES;
				CLANG_WARN_UNGUARDED_AVAILABILITY = YES_AGGRESSIVE;
				CLANG_WARN_UNREACHABLE_CODE = YES;
				CLANG_WARN__DUPLICATE_METHOD_MATCH = YES;
				CODE_SIGN_IDENTITY = "iPhone Developer";
				COPY_PHASE_STRIP = NO;
				DEBUG_INFORMATION_FORMAT = dwarf;
				ENABLE_STRICT_OBJC_MSGSEND = YES;
				ENABLE_TESTABILITY = YES;
				GCC_C_LANGUAGE_STANDARD = gnu11;
				GCC_DYNAMIC_NO_PIC = NO;
				GCC_NO_COMMON_BLOCKS = YES;
				GCC_OPTIMIZATION_LEVEL = 0;
				GCC_PREPROCESSOR_DEFINITIONS = (
					"DEBUG=1",
					"$(inherited)",
				);
				GCC_WARN_64_TO_32_BIT_CONVERSION = YES;
				GCC_WARN_ABOUT_RETURN_TYPE = YES_ERROR;
				GCC_WARN_UNDECLARED_SELECTOR = YES;
				GCC_WARN_UNINITIALIZED_AUTOS = YES_AGGRESSIVE;
				GCC_WARN_UNUSED_FUNCTION = YES;
				GCC_WARN_UNUSED_VARIABLE = YES;
				IPHONEOS_DEPLOYMENT_TARGET = 12.2;
				MTL_ENABLE_DEBUG_INFO = INCLUDE_SOURCE;
				MTL_FAST_MATH = YES;
				ONLY_ACTIVE_ARCH = YES;
				SDKROOT = iphoneos;
				SWIFT_ACTIVE_COMPILATION_CONDITIONS = DEBUG;
				SWIFT_OPTIMIZATION_LEVEL = "-Onone";
			};
			name = Debug;
		};
		B5320DA9245724B70086D777 /* Release */ = {
			isa = XCBuildConfiguration;
			buildSettings = {
				ALWAYS_SEARCH_USER_PATHS = NO;
				CLANG_ANALYZER_NONNULL = YES;
				CLANG_ANALYZER_NUMBER_OBJECT_CONVERSION = YES_AGGRESSIVE;
				CLANG_CXX_LANGUAGE_STANDARD = "gnu++14";
				CLANG_CXX_LIBRARY = "libc++";
				CLANG_ENABLE_MODULES = YES;
				CLANG_ENABLE_OBJC_ARC = YES;
				CLANG_ENABLE_OBJC_WEAK = YES;
				CLANG_WARN_BLOCK_CAPTURE_AUTORELEASING = YES;
				CLANG_WARN_BOOL_CONVERSION = YES;
				CLANG_WARN_COMMA = YES;
				CLANG_WARN_CONSTANT_CONVERSION = YES;
				CLANG_WARN_DEPRECATED_OBJC_IMPLEMENTATIONS = YES;
				CLANG_WARN_DIRECT_OBJC_ISA_USAGE = YES_ERROR;
				CLANG_WARN_DOCUMENTATION_COMMENTS = YES;
				CLANG_WARN_EMPTY_BODY = YES;
				CLANG_WARN_ENUM_CONVERSION = YES;
				CLANG_WARN_INFINITE_RECURSION = YES;
				CLANG_WARN_INT_CONVERSION = YES;
				CLANG_WARN_NON_LITERAL_NULL_CONVERSION = YES;
				CLANG_WARN_OBJC_IMPLICIT_RETAIN_SELF = YES;
				CLANG_WARN_OBJC_LITERAL_CONVERSION = YES;
				CLANG_WARN_OBJC_ROOT_CLASS = YES_ERROR;
				CLANG_WARN_RANGE_LOOP_ANALYSIS = YES;
				CLANG_WARN_STRICT_PROTOTYPES = YES;
				CLANG_WARN_SUSPICIOUS_MOVE = YES;
				CLANG_WARN_UNGUARDED_AVAILABILITY = YES_AGGRESSIVE;
				CLANG_WARN_UNREACHABLE_CODE = YES;
				CLANG_WARN__DUPLICATE_METHOD_MATCH = YES;
				CODE_SIGN_IDENTITY = "iPhone Developer";
				COPY_PHASE_STRIP = NO;
				DEBUG_INFORMATION_FORMAT = "dwarf-with-dsym";
				ENABLE_NS_ASSERTIONS = NO;
				ENABLE_STRICT_OBJC_MSGSEND = YES;
				GCC_C_LANGUAGE_STANDARD = gnu11;
				GCC_NO_COMMON_BLOCKS = YES;
				GCC_WARN_64_TO_32_BIT_CONVERSION = YES;
				GCC_WARN_ABOUT_RETURN_TYPE = YES_ERROR;
				GCC_WARN_UNDECLARED_SELECTOR = YES;
				GCC_WARN_UNINITIALIZED_AUTOS = YES_AGGRESSIVE;
				GCC_WARN_UNUSED_FUNCTION = YES;
				GCC_WARN_UNUSED_VARIABLE = YES;
				IPHONEOS_DEPLOYMENT_TARGET = 12.2;
				MTL_ENABLE_DEBUG_INFO = NO;
				MTL_FAST_MATH = YES;
				SDKROOT = iphoneos;
				SWIFT_COMPILATION_MODE = wholemodule;
				SWIFT_OPTIMIZATION_LEVEL = "-O";
				VALIDATE_PRODUCT = YES;
			};
			name = Release;
		};
		B5320DAB245724B70086D777 /* Debug */ = {
			isa = XCBuildConfiguration;
			baseConfigurationReference = E6431BAF902FB0AA18141280 /* Pods-Toptenplus.debug.xcconfig */;
			buildSettings = {
				ASSETCATALOG_COMPILER_APPICON_NAME = AppIcon;
				CODE_SIGN_STYLE = Automatic;
				DEVELOPMENT_TEAM = SSTDKCYHQ9;
				INFOPLIST_FILE = Toptenplus/Info.plist;
				IPHONEOS_DEPLOYMENT_TARGET = 12.2;
				LD_RUNPATH_SEARCH_PATHS = (
					"$(inherited)",
					"@executable_path/Frameworks",
				);
				PRODUCT_BUNDLE_IDENTIFIER = inhouse23.Toptenplus;
				PRODUCT_NAME = "$(TARGET_NAME)";
				SWIFT_VERSION = 5.0;
				TARGETED_DEVICE_FAMILY = 1;
			};
			name = Debug;
		};
		B5320DAC245724B70086D777 /* Release */ = {
			isa = XCBuildConfiguration;
			baseConfigurationReference = A95ED2611EBB836225E19E56 /* Pods-Toptenplus.release.xcconfig */;
			buildSettings = {
				ASSETCATALOG_COMPILER_APPICON_NAME = AppIcon;
				CODE_SIGN_STYLE = Automatic;
				DEVELOPMENT_TEAM = SSTDKCYHQ9;
				INFOPLIST_FILE = Toptenplus/Info.plist;
				IPHONEOS_DEPLOYMENT_TARGET = 12.2;
				LD_RUNPATH_SEARCH_PATHS = (
					"$(inherited)",
					"@executable_path/Frameworks",
				);
				PRODUCT_BUNDLE_IDENTIFIER = inhouse23.Toptenplus;
				PRODUCT_NAME = "$(TARGET_NAME)";
				SWIFT_VERSION = 5.0;
				TARGETED_DEVICE_FAMILY = 1;
			};
			name = Release;
		};
		B5320DAE245724B70086D777 /* Debug */ = {
			isa = XCBuildConfiguration;
			baseConfigurationReference = AB602871AFCB54081D6D9A1A /* Pods-ToptenplusTests.debug.xcconfig */;
			buildSettings = {
				ALWAYS_EMBED_SWIFT_STANDARD_LIBRARIES = YES;
				BUNDLE_LOADER = "$(TEST_HOST)";
				CODE_SIGN_STYLE = Automatic;
				DEVELOPMENT_TEAM = SSTDKCYHQ9;
				INFOPLIST_FILE = ToptenplusTests/Info.plist;
				LD_RUNPATH_SEARCH_PATHS = (
					"$(inherited)",
					"@executable_path/Frameworks",
					"@loader_path/Frameworks",
				);
				PRODUCT_BUNDLE_IDENTIFIER = inhouse23.ToptenplusTests;
				PRODUCT_NAME = "$(TARGET_NAME)";
				SWIFT_VERSION = 5.0;
				TARGETED_DEVICE_FAMILY = "1,2";
				TEST_HOST = "$(BUILT_PRODUCTS_DIR)/Toptenplus.app/Toptenplus";
			};
			name = Debug;
		};
		B5320DAF245724B70086D777 /* Release */ = {
			isa = XCBuildConfiguration;
			baseConfigurationReference = BAC7AB1CF380B1E5968175AD /* Pods-ToptenplusTests.release.xcconfig */;
			buildSettings = {
				ALWAYS_EMBED_SWIFT_STANDARD_LIBRARIES = YES;
				BUNDLE_LOADER = "$(TEST_HOST)";
				CODE_SIGN_STYLE = Automatic;
				DEVELOPMENT_TEAM = SSTDKCYHQ9;
				INFOPLIST_FILE = ToptenplusTests/Info.plist;
				LD_RUNPATH_SEARCH_PATHS = (
					"$(inherited)",
					"@executable_path/Frameworks",
					"@loader_path/Frameworks",
				);
				PRODUCT_BUNDLE_IDENTIFIER = inhouse23.ToptenplusTests;
				PRODUCT_NAME = "$(TARGET_NAME)";
				SWIFT_VERSION = 5.0;
				TARGETED_DEVICE_FAMILY = "1,2";
				TEST_HOST = "$(BUILT_PRODUCTS_DIR)/Toptenplus.app/Toptenplus";
			};
			name = Release;
		};
		B5320DB1245724B70086D777 /* Debug */ = {
			isa = XCBuildConfiguration;
			baseConfigurationReference = 6980CF93E85B9B22292B0AA6 /* Pods-ToptenplusUITests.debug.xcconfig */;
			buildSettings = {
				ALWAYS_EMBED_SWIFT_STANDARD_LIBRARIES = YES;
				CODE_SIGN_STYLE = Automatic;
				DEVELOPMENT_TEAM = SSTDKCYHQ9;
				INFOPLIST_FILE = ToptenplusUITests/Info.plist;
				LD_RUNPATH_SEARCH_PATHS = (
					"$(inherited)",
					"@executable_path/Frameworks",
					"@loader_path/Frameworks",
				);
				PRODUCT_BUNDLE_IDENTIFIER = inhouse23.ToptenplusUITests;
				PRODUCT_NAME = "$(TARGET_NAME)";
				SWIFT_VERSION = 5.0;
				TARGETED_DEVICE_FAMILY = "1,2";
				TEST_TARGET_NAME = Toptenplus;
			};
			name = Debug;
		};
		B5320DB2245724B70086D777 /* Release */ = {
			isa = XCBuildConfiguration;
			baseConfigurationReference = 2163E0A113268DA3BA59F6D4 /* Pods-ToptenplusUITests.release.xcconfig */;
			buildSettings = {
				ALWAYS_EMBED_SWIFT_STANDARD_LIBRARIES = YES;
				CODE_SIGN_STYLE = Automatic;
				DEVELOPMENT_TEAM = SSTDKCYHQ9;
				INFOPLIST_FILE = ToptenplusUITests/Info.plist;
				LD_RUNPATH_SEARCH_PATHS = (
					"$(inherited)",
					"@executable_path/Frameworks",
					"@loader_path/Frameworks",
				);
				PRODUCT_BUNDLE_IDENTIFIER = inhouse23.ToptenplusUITests;
				PRODUCT_NAME = "$(TARGET_NAME)";
				SWIFT_VERSION = 5.0;
				TARGETED_DEVICE_FAMILY = "1,2";
				TEST_TARGET_NAME = Toptenplus;
			};
			name = Release;
		};
/* End XCBuildConfiguration section */

/* Begin XCConfigurationList section */
		B5320D7D245724B40086D777 /* Build configuration list for PBXProject "Toptenplus" */ = {
			isa = XCConfigurationList;
			buildConfigurations = (
				B5320DA8245724B70086D777 /* Debug */,
				B5320DA9245724B70086D777 /* Release */,
			);
			defaultConfigurationIsVisible = 0;
			defaultConfigurationName = Release;
		};
		B5320DAA245724B70086D777 /* Build configuration list for PBXNativeTarget "Toptenplus" */ = {
			isa = XCConfigurationList;
			buildConfigurations = (
				B5320DAB245724B70086D777 /* Debug */,
				B5320DAC245724B70086D777 /* Release */,
			);
			defaultConfigurationIsVisible = 0;
			defaultConfigurationName = Release;
		};
		B5320DAD245724B70086D777 /* Build configuration list for PBXNativeTarget "ToptenplusTests" */ = {
			isa = XCConfigurationList;
			buildConfigurations = (
				B5320DAE245724B70086D777 /* Debug */,
				B5320DAF245724B70086D777 /* Release */,
			);
			defaultConfigurationIsVisible = 0;
			defaultConfigurationName = Release;
		};
		B5320DB0245724B70086D777 /* Build configuration list for PBXNativeTarget "ToptenplusUITests" */ = {
			isa = XCConfigurationList;
			buildConfigurations = (
				B5320DB1245724B70086D777 /* Debug */,
				B5320DB2245724B70086D777 /* Release */,
			);
			defaultConfigurationIsVisible = 0;
			defaultConfigurationName = Release;
		};
/* End XCConfigurationList section */
	};
	rootObject = B5320D7A245724B40086D777 /* Project object */;
}
